
Microsoft Visual Studio Solution File, Format Version 12.00
# Visual Studio Version 16
VisualStudioVersion = 16.0.29728.190
MinimumVisualStudioVersion = 10.0.40219.1
Project("{9A19103F-16F7-4668-BE54-9A1E7A4F7556}") = "IdentityTest", "IdentityTest\IdentityTest.csproj", "{D88C2705-2A1F-4985-9738-DCAE3BC8BB20}"
EndProject
Project("{9A19103F-16F7-4668-BE54-9A1E7A4F7556}") = "TestAPI", "TestAPI\TestAPI.csproj", "{2D0F047C-8038-4A7D-BE6E-0E40501115DF}"
EndProject
Project("{9A19103F-16F7-4668-BE54-9A1E7A4F7556}") = "TestClient", "TestClient\TestClient.csproj", "{5C49D93F-7241-4317-9F57-19488B3E65FD}"
EndProject
Project("{9A19103F-16F7-4668-BE54-9A1E7A4F7556}") = "TestMVC", "TestMVC\TestMVC.csproj", "{E4119D8F-E3E4-467B-87F5-98E4A6AD1C06}"
EndProject
Project("{2150E333-8FDC-42A3-9474-1A3956D46DE8}") = "SQL", "SQL", "{F73675A6-8B10-4D0F-8368-9F9D5C9B1997}"
	ProjectSection(SolutionItems) = preProject
		ApplicationUser.txt = ApplicationUser.txt
		ApplicationUszerRole.txt = ApplicationUszerRole.txt
		role.txt = role.txt
	EndProjectSection
EndProject
Global
	GlobalSection(SolutionConfigurationPlatforms) = preSolution
		Debug|Any CPU = Debug|Any CPU
		Release|Any CPU = Release|Any CPU
	EndGlobalSection
	GlobalSection(ProjectConfigurationPlatforms) = postSolution
		{D88C2705-2A1F-4985-9738-DCAE3BC8BB20}.Debug|Any CPU.ActiveCfg = Debug|Any CPU
		{D88C2705-2A1F-4985-9738-DCAE3BC8BB20}.Debug|Any CPU.Build.0 = Debug|Any CPU
		{D88C2705-2A1F-4985-9738-DCAE3BC8BB20}.Release|Any CPU.ActiveCfg = Release|Any CPU
		{D88C2705-2A1F-4985-9738-DCAE3BC8BB20}.Release|Any CPU.Build.0 = Release|Any CPU
		{2D0F047C-8038-4A7D-BE6E-0E40501115DF}.Debug|Any CPU.ActiveCfg = Debug|Any CPU
		{2D0F047C-8038-4A7D-BE6E-0E40501115DF}.Debug|Any CPU.Build.0 = Debug|Any CPU
		{2D0F047C-8038-4A7D-BE6E-0E40501115DF}.Release|Any CPU.ActiveCfg = Release|Any CPU
		{2D0F047C-8038-4A7D-BE6E-0E40501115DF}.Release|Any CPU.Build.0 = Release|Any CPU
		{5C49D93F-7241-4317-9F57-19488B3E65FD}.Debug|Any CPU.ActiveCfg = Debug|Any CPU
		{5C49D93F-7241-4317-9F57-19488B3E65FD}.Debug|Any CPU.Build.0 = Debug|Any CPU
		{5C49D93F-7241-4317-9F57-19488B3E65FD}.Release|Any CPU.ActiveCfg = Release|Any CPU
		{5C49D93F-7241-4317-9F57-19488B3E65FD}.Release|Any CPU.Build.0 = Release|Any CPU
		{E4119D8F-E3E4-467B-87F5-98E4A6AD1C06}.Debug|Any CPU.ActiveCfg = Debug|Any CPU
		{E4119D8F-E3E4-467B-87F5-98E4A6AD1C06}.Debug|Any CPU.Build.0 = Debug|Any CPU
		{E4119D8F-E3E4-467B-87F5-98E4A6AD1C06}.Release|Any CPU.ActiveCfg = Release|Any CPU
		{E4119D8F-E3E4-467B-87F5-98E4A6AD1C06}.Release|Any CPU.Build.0 = Release|Any CPU
	EndGlobalSection
	GlobalSection(SolutionProperties) = preSolution
		HideSolutionNode = FALSE
	EndGlobalSection
	GlobalSection(ExtensibilityGlobals) = postSolution
		SolutionGuid = {A078456E-2B91-4F48-8B23-3FC3897AA70D}
	EndGlobalSection
EndGlobal
